
Microsoft Visual Studio Solution File, Format Version 12.00
# Visual Studio Version 17
VisualStudioVersion = 17.0.32014.148
MinimumVisualStudioVersion = 10.0.40219.1
Project("{FAE04EC0-301F-11D3-BF4B-00C04F79EFBC}") = "SimonGame", "SimonGame.csproj", "{1AC6CC5A-87EE-476B-A3F2-F2C56A215D12}"
EndProject
Global
	GlobalSection(SolutionConfigurationPlatforms) = preSolution
		Debug|Any CPU = Debug|Any CPU
		Release|Any CPU = Release|Any CPU
	EndGlobalSection
	GlobalSection(ProjectConfigurationPlatforms) = postSolution
		{1AC6CC5A-87EE-476B-A3F2-F2C56A215D12}.Debug|Any CPU.ActiveCfg = Debug|Any CPU
		{1AC6CC5A-87EE-476B-A3F2-F2C56A215D12}.Debug|Any CPU.Build.0 = Debug|Any CPU
		{1AC6CC5A-87EE-476B-A3F2-F2C56A215D12}.Release|Any CPU.ActiveCfg = Release|Any CPU
		{1AC6CC5A-87EE-476B-A3F2-F2C56A215D12}.Release|Any CPU.Build.0 = Release|Any CPU
	EndGlobalSection
	GlobalSection(SolutionProperties) = preSolution
		HideSolutionNode = FALSE
	EndGlobalSection
	GlobalSection(ExtensibilityGlobals) = postSolution
		SolutionGuid = {F95D2589-1F7C-4C4A-B302-934AE1D49914}
	EndGlobalSection
EndGlobal
