
Microsoft Visual Studio Solution File, Format Version 12.00
# Visual Studio Version 17
VisualStudioVersion = 17.0.32014.148
MinimumVisualStudioVersion = 10.0.40219.1
Project("{9092AA53-FB77-4645-B42D-1CCCA6BD08BD}") = "EJS", "EJS.njsproj", "{196DA972-7493-4364-8191-51851155889A}"
EndProject
Global
	GlobalSection(SolutionConfigurationPlatforms) = preSolution
		Debug|Any CPU = Debug|Any CPU
		Release|Any CPU = Release|Any CPU
	EndGlobalSection
	GlobalSection(ProjectConfigurationPlatforms) = postSolution
		{196DA972-7493-4364-8191-51851155889A}.Debug|Any CPU.ActiveCfg = Debug|Any CPU
		{196DA972-7493-4364-8191-51851155889A}.Debug|Any CPU.Build.0 = Debug|Any CPU
		{196DA972-7493-4364-8191-51851155889A}.Release|Any CPU.ActiveCfg = Release|Any CPU
		{196DA972-7493-4364-8191-51851155889A}.Release|Any CPU.Build.0 = Release|Any CPU
	EndGlobalSection
	GlobalSection(SolutionProperties) = preSolution
		HideSolutionNode = FALSE
	EndGlobalSection
	GlobalSection(ExtensibilityGlobals) = postSolution
		SolutionGuid = {40EA3045-7A18-4248-8C48-23B7670798B6}
	EndGlobalSection
EndGlobal
