
Microsoft Visual Studio Solution File, Format Version 12.00
# Visual Studio Version 17
VisualStudioVersion = 17.0.32014.148
MinimumVisualStudioVersion = 10.0.40219.1
Project("{FAE04EC0-301F-11D3-BF4B-00C04F79EFBC}") = "CSS - My Site", "CSS - My Site.csproj", "{F916F38D-00A4-44D2-B214-7373DB21A7B5}"
EndProject
Global
	GlobalSection(SolutionConfigurationPlatforms) = preSolution
		Debug|Any CPU = Debug|Any CPU
		Release|Any CPU = Release|Any CPU
	EndGlobalSection
	GlobalSection(ProjectConfigurationPlatforms) = postSolution
		{F916F38D-00A4-44D2-B214-7373DB21A7B5}.Debug|Any CPU.ActiveCfg = Debug|Any CPU
		{F916F38D-00A4-44D2-B214-7373DB21A7B5}.Debug|Any CPU.Build.0 = Debug|Any CPU
		{F916F38D-00A4-44D2-B214-7373DB21A7B5}.Release|Any CPU.ActiveCfg = Release|Any CPU
		{F916F38D-00A4-44D2-B214-7373DB21A7B5}.Release|Any CPU.Build.0 = Release|Any CPU
	EndGlobalSection
	GlobalSection(SolutionProperties) = preSolution
		HideSolutionNode = FALSE
	EndGlobalSection
	GlobalSection(ExtensibilityGlobals) = postSolution
		SolutionGuid = {2E6BDEDB-F6F6-4358-B090-146536D05854}
	EndGlobalSection
EndGlobal
