
Microsoft Visual Studio Solution File, Format Version 12.00
# Visual Studio Version 17
VisualStudioVersion = 17.0.32014.148
MinimumVisualStudioVersion = 10.0.40219.1
Project("{9092AA53-FB77-4645-B42D-1CCCA6BD08BD}") = "EJSchallenge", "EJSchallenge.njsproj", "{435545F6-617E-4A1C-9942-9E8326EA6774}"
EndProject
Global
	GlobalSection(SolutionConfigurationPlatforms) = preSolution
		Debug|Any CPU = Debug|Any CPU
		Release|Any CPU = Release|Any CPU
	EndGlobalSection
	GlobalSection(ProjectConfigurationPlatforms) = postSolution
		{435545F6-617E-4A1C-9942-9E8326EA6774}.Debug|Any CPU.ActiveCfg = Debug|Any CPU
		{435545F6-617E-4A1C-9942-9E8326EA6774}.Debug|Any CPU.Build.0 = Debug|Any CPU
		{435545F6-617E-4A1C-9942-9E8326EA6774}.Release|Any CPU.ActiveCfg = Release|Any CPU
		{435545F6-617E-4A1C-9942-9E8326EA6774}.Release|Any CPU.Build.0 = Release|Any CPU
	EndGlobalSection
	GlobalSection(SolutionProperties) = preSolution
		HideSolutionNode = FALSE
	EndGlobalSection
	GlobalSection(ExtensibilityGlobals) = postSolution
		SolutionGuid = {293D6F48-1FCA-4DC0-AF08-8932B6071984}
	EndGlobalSection
EndGlobal
