
Microsoft Visual Studio Solution File, Format Version 12.00
# Visual Studio Version 17
VisualStudioVersion = 17.0.32014.148
MinimumVisualStudioVersion = 10.0.40219.1
Project("{9092AA53-FB77-4645-B42D-1CCCA6BD08BD}") = "MongoDB Driver", "MongoDB Driver.njsproj", "{2528A028-2FD5-4A3B-82A5-FBFF5BB5592E}"
EndProject
Global
	GlobalSection(SolutionConfigurationPlatforms) = preSolution
		Debug|Any CPU = Debug|Any CPU
		Release|Any CPU = Release|Any CPU
	EndGlobalSection
	GlobalSection(ProjectConfigurationPlatforms) = postSolution
		{2528A028-2FD5-4A3B-82A5-FBFF5BB5592E}.Debug|Any CPU.ActiveCfg = Debug|Any CPU
		{2528A028-2FD5-4A3B-82A5-FBFF5BB5592E}.Debug|Any CPU.Build.0 = Debug|Any CPU
		{2528A028-2FD5-4A3B-82A5-FBFF5BB5592E}.Release|Any CPU.ActiveCfg = Release|Any CPU
		{2528A028-2FD5-4A3B-82A5-FBFF5BB5592E}.Release|Any CPU.Build.0 = Release|Any CPU
	EndGlobalSection
	GlobalSection(SolutionProperties) = preSolution
		HideSolutionNode = FALSE
	EndGlobalSection
	GlobalSection(ExtensibilityGlobals) = postSolution
		SolutionGuid = {7598CACF-9ED2-4B9E-B147-B75D214AFA75}
	EndGlobalSection
EndGlobal
